
Microsoft Visual Studio Solution File, Format Version 12.00
# Visual Studio Version 17
VisualStudioVersion = 17.10.35013.160
MinimumVisualStudioVersion = 10.0.40219.1
Project("{FAE04EC0-301F-11D3-BF4B-00C04F79EFBC}") = "dz_2", "dz_2\dz_2.csproj", "{E5DCD9FD-F168-4E77-9A9F-64FB7099BBD2}"
EndProject
Global
	GlobalSection(SolutionConfigurationPlatforms) = preSolution
		Debug|Any CPU = Debug|Any CPU
		Release|Any CPU = Release|Any CPU
	EndGlobalSection
	GlobalSection(ProjectConfigurationPlatforms) = postSolution
		{E5DCD9FD-F168-4E77-9A9F-64FB7099BBD2}.Debug|Any CPU.ActiveCfg = Debug|Any CPU
		{E5DCD9FD-F168-4E77-9A9F-64FB7099BBD2}.Debug|Any CPU.Build.0 = Debug|Any CPU
		{E5DCD9FD-F168-4E77-9A9F-64FB7099BBD2}.Release|Any CPU.ActiveCfg = Release|Any CPU
		{E5DCD9FD-F168-4E77-9A9F-64FB7099BBD2}.Release|Any CPU.Build.0 = Release|Any CPU
	EndGlobalSection
	GlobalSection(SolutionProperties) = preSolution
		HideSolutionNode = FALSE
	EndGlobalSection
	GlobalSection(ExtensibilityGlobals) = postSolution
		SolutionGuid = {A9249C3B-0C4A-42DF-AE83-B90E8A243A73}
	EndGlobalSection
EndGlobal
